
Microsoft Visual Studio Solution File, Format Version 12.00
# Visual Studio 15
VisualStudioVersion = 15.0.28307.329
MinimumVisualStudioVersion = 10.0.40219.1
Project("{8BC9CEB8-8B4A-11D0-8D11-00A0C91BC942}") = "Ch_3 Project_1", "Ch_3 Project_1\Ch_3 Project_1.vcxproj", "{B13D45DB-1868-4AC3-BDE3-366D8070CD5B}"
EndProject
Global
	GlobalSection(SolutionConfigurationPlatforms) = preSolution
		Debug|x64 = Debug|x64
		Debug|x86 = Debug|x86
		Release|x64 = Release|x64
		Release|x86 = Release|x86
	EndGlobalSection
	GlobalSection(ProjectConfigurationPlatforms) = postSolution
		{B13D45DB-1868-4AC3-BDE3-366D8070CD5B}.Debug|x64.ActiveCfg = Debug|x64
		{B13D45DB-1868-4AC3-BDE3-366D8070CD5B}.Debug|x64.Build.0 = Debug|x64
		{B13D45DB-1868-4AC3-BDE3-366D8070CD5B}.Debug|x86.ActiveCfg = Debug|Win32
		{B13D45DB-1868-4AC3-BDE3-366D8070CD5B}.Debug|x86.Build.0 = Debug|Win32
		{B13D45DB-1868-4AC3-BDE3-366D8070CD5B}.Release|x64.ActiveCfg = Release|x64
		{B13D45DB-1868-4AC3-BDE3-366D8070CD5B}.Release|x64.Build.0 = Release|x64
		{B13D45DB-1868-4AC3-BDE3-366D8070CD5B}.Release|x86.ActiveCfg = Release|Win32
		{B13D45DB-1868-4AC3-BDE3-366D8070CD5B}.Release|x86.Build.0 = Release|Win32
	EndGlobalSection
	GlobalSection(SolutionProperties) = preSolution
		HideSolutionNode = FALSE
	EndGlobalSection
	GlobalSection(ExtensibilityGlobals) = postSolution
		SolutionGuid = {02D5413E-AEA6-40E6-93B4-F0B38B15FA11}
	EndGlobalSection
EndGlobal
